
Microsoft Visual Studio Solution File, Format Version 12.00
# Visual Studio Version 17
VisualStudioVersion = 17.5.33516.290
MinimumVisualStudioVersion = 10.0.40219.1
Project("{9A19103F-16F7-4668-BE54-9A1E7A4F7556}") = "TicTacToe.Maui", "TicTacToe.Maui.csproj", "{6ABB972F-6004-453B-9D19-B7BEE4F17C6D}"
EndProject
Global
	GlobalSection(SolutionConfigurationPlatforms) = preSolution
		Debug|Any CPU = Debug|Any CPU
		Release|Any CPU = Release|Any CPU
	EndGlobalSection
	GlobalSection(ProjectConfigurationPlatforms) = postSolution
		{6ABB972F-6004-453B-9D19-B7BEE4F17C6D}.Debug|Any CPU.ActiveCfg = Debug|Any CPU
		{6ABB972F-6004-453B-9D19-B7BEE4F17C6D}.Debug|Any CPU.Build.0 = Debug|Any CPU
		{6ABB972F-6004-453B-9D19-B7BEE4F17C6D}.Debug|Any CPU.Deploy.0 = Debug|Any CPU
		{6ABB972F-6004-453B-9D19-B7BEE4F17C6D}.Release|Any CPU.ActiveCfg = Release|Any CPU
		{6ABB972F-6004-453B-9D19-B7BEE4F17C6D}.Release|Any CPU.Build.0 = Release|Any CPU
		{6ABB972F-6004-453B-9D19-B7BEE4F17C6D}.Release|Any CPU.Deploy.0 = Release|Any CPU
	EndGlobalSection
	GlobalSection(SolutionProperties) = preSolution
		HideSolutionNode = FALSE
	EndGlobalSection
	GlobalSection(ExtensibilityGlobals) = postSolution
		SolutionGuid = {B2C3FE0C-0A7C-426B-B44E-2E6CFDCB09F5}
	EndGlobalSection
EndGlobal
